// !$*UTF8*$!
{
	archiveVersion = 1;
	classes = {
	};
	objectVersion = 46;
	objects = {

/* Begin PBXBuildFile section */
		F67708001B174159008E7CE7 /* TmpHead.m in Sources */ = {isa = PBXBuildFile; fileRef = F67707FF1B174159008E7CE7 /* TmpHead.m */; };
/* End PBXBuildFile section */

/* Begin PBXCopyFilesBuildPhase section */
		F63FF6641B17399000394DD6 /* CopyFiles */ = {
			isa = PBXCopyFilesBuildPhase;
			buildActionMask = 2147483647;
			dstPath = "include/$(PRODUCT_NAME)";
			dstSubfolderSpec = 16;
			files = (
			);
			runOnlyForDeploymentPostprocessing = 0;
		};
/* End PBXCopyFilesBuildPhase section */

/* Begin PBXFileReference section */
		F63FF6661B17399000394DD6 /* libTmpHead.a */ = {isa = PBXFileReference; explicitFileType = archive.ar; includeInIndex = 0; path = libTmpHead.a; sourceTree = BUILT_PRODUCTS_DIR; };
		F67707FE1B174159008E7CE7 /* TmpHead.h */ = {isa = PBXFileReference; fileEncoding = 4; lastKnownFileType = sourcecode.c.h; path = TmpHead.h; sourceTree = "<group>"; };
		F67707FF1B174159008E7CE7 /* TmpHead.m */ = {isa = PBXFileReference; fileEncoding = 4; lastKnownFileType = sourcecode.c.objc; path = TmpHead.m; sourceTree = "<group>"; };
/* End PBXFileReference section */

/* Begin PBXFrameworksBuildPhase section */
		F63FF6631B17399000394DD6 /* Frameworks */ = {
			isa = PBXFrameworksBuildPhase;
			buildActionMask = 2147483647;
			files = (
			);
			runOnlyForDeploymentPostprocessing = 0;
		};
/* End PBXFrameworksBuildPhase section */

/* Begin PBXGroup section */
		F63FF65D1B17399000394DD6 = {
			isa = PBXGroup;
			children = (
				F67707FD1B174159008E7CE7 /* Classes */,
				F63FF6671B17399000394DD6 /* Products */,
			);
			sourceTree = "<group>";
		};
		F63FF6671B17399000394DD6 /* Products */ = {
			isa = PBXGroup;
			children = (
				F63FF6661B17399000394DD6 /* libTmpHead.a */,
			);
			name = Products;
			sourceTree = "<group>";
		};
		F67707FD1B174159008E7CE7 /* Classes */ = {
			isa = PBXGroup;
			children = (
				F67707FE1B174159008E7CE7 /* TmpHead.h */,
				F67707FF1B174159008E7CE7 /* TmpHead.m */,
			);
			path = Classes;
			sourceTree = "<group>";
		};
/* End PBXGroup section */

/* Begin PBXNativeTarget section */
		F63FF6651B17399000394DD6 /* TmpHead */ = {
			isa = PBXNativeTarget;
			buildConfigurationList = F63FF67A1B17399000394DD6 /* Build configuration list for PBXNativeTarget "TmpHead" */;
			buildPhases = (
				F63FF6621B17399000394DD6 /* Sources */,
				F63FF6631B17399000394DD6 /* Frameworks */,
				F63FF6641B17399000394DD6 /* CopyFiles */,
			);
			buildRules = (
			);
			dependencies = (
			);
			name = TmpHead;
			productName = TmpHead;
			productReference = F63FF6661B17399000394DD6 /* libTmpHead.a */;
			productType = "com.apple.product-type.library.static";
		};
/* End PBXNativeTarget section */

/* Begin PBXProject section */
		F63FF65E1B17399000394DD6 /* Project object */ = {
			isa = PBXProject;
			attributes = {
				LastUpgradeCheck = 0620;
				ORGANIZATIONNAME = Don;
				TargetAttributes = {
					F63FF6651B17399000394DD6 = {
						CreatedOnToolsVersion = 6.2;
					};
				};
			};
			buildConfigurationList = F63FF6611B17399000394DD6 /* Build configuration list for PBXProject "TmpHead" */;
			compatibilityVersion = "Xcode 3.2";
			developmentRegion = English;
			hasScannedForEncodings = 0;
			knownRegions = (
				en,
			);
			mainGroup = F63FF65D1B17399000394DD6;
			productRefGroup = F63FF6671B17399000394DD6 /* Products */;
			projectDirPath = "";
			projectRoot = "";
			targets = (
				F63FF6651B17399000394DD6 /* TmpHead */,
			);
		};
/* End PBXProject section */

/* Begin PBXSourcesBuildPhase section */
		F63FF6621B17399000394DD6 /* Sources */ = {
			isa = PBXSourcesBuildPhase;
			buildActionMask = 2147483647;
			files = (
				F67708001B174159008E7CE7 /* TmpHead.m in Sources */,
			);
			runOnlyForDeploymentPostprocessing = 0;
		};
/* End PBXSourcesBuildPhase section */

/* Begin XCBuildConfiguration section */
		F63FF6781B17399000394DD6 /* Debug */ = {
			isa = XCBuildConfiguration;
			buildSettings = {
				ALWAYS_SEARCH_USER_PATHS = NO;
				CLANG_CXX_LANGUAGE_STANDARD = "gnu++0x";
				CLANG_CXX_LIBRARY = "libc++";
				CLANG_ENABLE_MODULES = YES;
				CLANG_ENABLE_OBJC_ARC = YES;
				CLANG_WARN_BOOL_CONVERSION = YES;
				CLANG_WARN_CONSTANT_CONVERSION = YES;
				CLANG_WARN_DIRECT_OBJC_ISA_USAGE = YES_ERROR;
				CLANG_WARN_EMPTY_BODY = YES;
				CLANG_WARN_ENUM_CONVERSION = YES;
				CLANG_WARN_INT_CONVERSION = YES;
				CLANG_WARN_OBJC_ROOT_CLASS = YES_ERROR;
				CLANG_WARN_UNREACHABLE_CODE = YES;
				CLANG_WARN__DUPLICATE_METHOD_MATCH = YES;
				COPY_PHASE_STRIP = NO;
				ENABLE_STRICT_OBJC_MSGSEND = YES;
				GCC_C_LANGUAGE_STANDARD = gnu99;
				GCC_DYNAMIC_NO_PIC = NO;
				GCC_OPTIMIZATION_LEVEL = 0;
				GCC_PREPROCESSOR_DEFINITIONS = (
					"DEBUG=1",
					"$(inherited)",
				);
				GCC_SYMBOLS_PRIVATE_EXTERN = NO;
				GCC_WARN_64_TO_32_BIT_CONVERSION = YES;
				GCC_WARN_ABOUT_RETURN_TYPE = YES_ERROR;
				GCC_WARN_UNDECLARED_SELECTOR = YES;
				GCC_WARN_UNINITIALIZED_AUTOS = YES_AGGRESSIVE;
				GCC_WARN_UNUSED_FUNCTION = YES;
				GCC_WARN_UNUSED_VARIABLE = YES;
				IPHONEOS_DEPLOYMENT_TARGET = 8.2;
				MTL_ENABLE_DEBUG_INFO = YES;
				ONLY_ACTIVE_ARCH = YES;
				SDKROOT = iphoneos;
			};
			name = Debug;
		};
		F63FF6791B17399000394DD6 /* Release */ = {
			isa = XCBuildConfiguration;
			buildSettings = {
				ALWAYS_SEARCH_USER_PATHS = NO;
				CLANG_CXX_LANGUAGE_STANDARD = "gnu++0x";
				CLANG_CXX_LIBRARY = "libc++";
				CLANG_ENABLE_MODULES = YES;
				CLANG_ENABLE_OBJC_ARC = YES;
				CLANG_WARN_BOOL_CONVERSION = YES;
				CLANG_WARN_CONSTANT_CONVERSION = YES;
				CLANG_WARN_DIRECT_OBJC_ISA_USAGE = YES_ERROR;
				CLANG_WARN_EMPTY_BODY = YES;
				CLANG_WARN_ENUM_CONVERSION = YES;
				CLANG_WARN_INT_CONVERSION = YES;
				CLANG_WARN_OBJC_ROOT_CLASS = YES_ERROR;
				CLANG_WARN_UNREACHABLE_CODE = YES;
				CLANG_WARN__DUPLICATE_METHOD_MATCH = YES;
				COPY_PHASE_STRIP = NO;
				ENABLE_NS_ASSERTIONS = NO;
				ENABLE_STRICT_OBJC_MSGSEND = YES;
				GCC_C_LANGUAGE_STANDARD = gnu99;
				GCC_WARN_64_TO_32_BIT_CONVERSION = YES;
				GCC_WARN_ABOUT_RETURN_TYPE = YES_ERROR;
				GCC_WARN_UNDECLARED_SELECTOR = YES;
				GCC_WARN_UNINITIALIZED_AUTOS = YES_AGGRESSIVE;
				GCC_WARN_UNUSED_FUNCTION = YES;
				GCC_WARN_UNUSED_VARIABLE = YES;
				IPHONEOS_DEPLOYMENT_TARGET = 8.2;
				MTL_ENABLE_DEBUG_INFO = NO;
				SDKROOT = iphoneos;
				VALIDATE_PRODUCT = YES;
			};
			name = Release;
		};
		F63FF67B1B17399000394DD6 /* Debug */ = {
			isa = XCBuildConfiguration;
			buildSettings = {
				OTHER_LDFLAGS = "-ObjC";
				PRODUCT_NAME = "$(TARGET_NAME)";
				SKIP_INSTALL = YES;
			};
			name = Debug;
		};
		F63FF67C1B17399000394DD6 /* Release */ = {
			isa = XCBuildConfiguration;
			buildSettings = {
				OTHER_LDFLAGS = "-ObjC";
				PRODUCT_NAME = "$(TARGET_NAME)";
				SKIP_INSTALL = YES;
			};
			name = Release;
		};
/* End XCBuildConfiguration section */

/* Begin XCConfigurationList section */
		F63FF6611B17399000394DD6 /* Build configuration list for PBXProject "TmpHead" */ = {
			isa = XCConfigurationList;
			buildConfigurations = (
				F63FF6781B17399000394DD6 /* Debug */,
				F63FF6791B17399000394DD6 /* Release */,
			);
			defaultConfigurationIsVisible = 0;
			defaultConfigurationName = Release;
		};
		F63FF67A1B17399000394DD6 /* Build configuration list for PBXNativeTarget "TmpHead" */ = {
			isa = XCConfigurationList;
			buildConfigurations = (
				F63FF67B1B17399000394DD6 /* Debug */,
				F63FF67C1B17399000394DD6 /* Release */,
			);
			defaultConfigurationIsVisible = 0;
			defaultConfigurationName = Release;
		};
/* End XCConfigurationList section */
	};
	rootObject = F63FF65E1B17399000394DD6 /* Project object */;
}
